// !$*UTF8*$!
{
	archiveVersion = 1;
	classes = {
	};
	objectVersion = 51;
	objects = {

/* Begin PBXBuildFile section */
		04500E0026B822AD008090F3 /* PostCell.swift in Sources */ = {isa = PBXBuildFile; fileRef = 04500DFF26B822AD008090F3 /* PostCell.swift */; };
		0494508B26CDD1E8009ACBE5 /* commentCell.swift in Sources */ = {isa = PBXBuildFile; fileRef = 0494508A26CDD1E8009ACBE5 /* commentCell.swift */; };
		04945B3B26B763510060745D /* LoginViewController.swift in Sources */ = {isa = PBXBuildFile; fileRef = 04945B3A26B763510060745D /* LoginViewController.swift */; };
		04945B4026B763640060745D /* FeedViewController.swift in Sources */ = {isa = PBXBuildFile; fileRef = 04945B3F26B763640060745D /* FeedViewController.swift */; };
		04945B4526B76ACF0060745D /* CameraViewController.swift in Sources */ = {isa = PBXBuildFile; fileRef = 04945B4426B76ACF0060745D /* CameraViewController.swift */; };
		04DB447926B75EE200963C1A /* AppDelegate.swift in Sources */ = {isa = PBXBuildFile; fileRef = 04DB447826B75EE200963C1A /* AppDelegate.swift */; };
		04DB447B26B75EE200963C1A /* SceneDelegate.swift in Sources */ = {isa = PBXBuildFile; fileRef = 04DB447A26B75EE200963C1A /* SceneDelegate.swift */; };
		04DB448026B75EE200963C1A /* Main.storyboard in Resources */ = {isa = PBXBuildFile; fileRef = 04DB447E26B75EE200963C1A /* Main.storyboard */; };
		04DB448226B75EE600963C1A /* Assets.xcassets in Resources */ = {isa = PBXBuildFile; fileRef = 04DB448126B75EE600963C1A /* Assets.xcassets */; };
		04DB448526B75EE600963C1A /* LaunchScreen.storyboard in Resources */ = {isa = PBXBuildFile; fileRef = 04DB448326B75EE600963C1A /* LaunchScreen.storyboard */; };
		04DB449026B75EE600963C1A /* ParstagramTests.swift in Sources */ = {isa = PBXBuildFile; fileRef = 04DB448F26B75EE600963C1A /* ParstagramTests.swift */; };
		04DB449B26B75EE600963C1A /* ParstagramUITests.swift in Sources */ = {isa = PBXBuildFile; fileRef = 04DB449A26B75EE600963C1A /* ParstagramUITests.swift */; };
		409CFCB29B71F72804F2204D /* Pods_Parstagram_ParstagramUITests.framework in Frameworks */ = {isa = PBXBuildFile; fileRef = 19E5F481E2065F239D2AA076 /* Pods_Parstagram_ParstagramUITests.framework */; };
		62E3540EE684F0027612AD7C /* Pods_Parstagram.framework in Frameworks */ = {isa = PBXBuildFile; fileRef = 88A0DD81F3C1EC8D9EC863DF /* Pods_Parstagram.framework */; };
		AF347BB4B6E094E52EC5D7A9 /* Pods_ParstagramTests.framework in Frameworks */ = {isa = PBXBuildFile; fileRef = 4C96C7E23B367698C35129FF /* Pods_ParstagramTests.framework */; };
/* End PBXBuildFile section */

/* Begin PBXContainerItemProxy section */
		04DB448C26B75EE600963C1A /* PBXContainerItemProxy */ = {
			isa = PBXContainerItemProxy;
			containerPortal = 04DB446D26B75EE200963C1A /* Project object */;
			proxyType = 1;
			remoteGlobalIDString = 04DB447426B75EE200963C1A;
			remoteInfo = Parstagram;
		};
		04DB449726B75EE600963C1A /* PBXContainerItemProxy */ = {
			isa = PBXContainerItemProxy;
			containerPortal = 04DB446D26B75EE200963C1A /* Project object */;
			proxyType = 1;
			remoteGlobalIDString = 04DB447426B75EE200963C1A;
			remoteInfo = Parstagram;
		};
/* End PBXContainerItemProxy section */

/* Begin PBXFileReference section */
		04500DFF26B822AD008090F3 /* PostCell.swift */ = {isa = PBXFileReference; lastKnownFileType = sourcecode.swift; path = PostCell.swift; sourceTree = "<group>"; };
		0494508A26CDD1E8009ACBE5 /* commentCell.swift */ = {isa = PBXFileReference; lastKnownFileType = sourcecode.swift; path = commentCell.swift; sourceTree = "<group>"; };
		04945B3A26B763510060745D /* LoginViewController.swift */ = {isa = PBXFileReference; lastKnownFileType = sourcecode.swift; path = LoginViewController.swift; sourceTree = "<group>"; };
		04945B3F26B763640060745D /* FeedViewController.swift */ = {isa = PBXFileReference; lastKnownFileType = sourcecode.swift; path = FeedViewController.swift; sourceTree = "<group>"; };
		04945B4426B76ACF0060745D /* CameraViewController.swift */ = {isa = PBXFileReference; lastKnownFileType = sourcecode.swift; path = CameraViewController.swift; sourceTree = "<group>"; };
		04DB447526B75EE200963C1A /* Parstagram.app */ = {isa = PBXFileReference; explicitFileType = wrapper.application; includeInIndex = 0; path = Parstagram.app; sourceTree = BUILT_PRODUCTS_DIR; };
		04DB447826B75EE200963C1A /* AppDelegate.swift */ = {isa = PBXFileReference; lastKnownFileType = sourcecode.swift; path = AppDelegate.swift; sourceTree = "<group>"; };
		04DB447A26B75EE200963C1A /* SceneDelegate.swift */ = {isa = PBXFileReference; lastKnownFileType = sourcecode.swift; path = SceneDelegate.swift; sourceTree = "<group>"; };
		04DB447F26B75EE200963C1A /* Base */ = {isa = PBXFileReference; lastKnownFileType = file.storyboard; name = Base; path = Base.lproj/Main.storyboard; sourceTree = "<group>"; };
		04DB448126B75EE600963C1A /* Assets.xcassets */ = {isa = PBXFileReference; lastKnownFileType = folder.assetcatalog; path = Assets.xcassets; sourceTree = "<group>"; };
		04DB448426B75EE600963C1A /* Base */ = {isa = PBXFileReference; lastKnownFileType = file.storyboard; name = Base; path = Base.lproj/LaunchScreen.storyboard; sourceTree = "<group>"; };
		04DB448626B75EE600963C1A /* Info.plist */ = {isa = PBXFileReference; lastKnownFileType = text.plist.xml; path = Info.plist; sourceTree = "<group>"; };
		04DB448B26B75EE600963C1A /* ParstagramTests.xctest */ = {isa = PBXFileReference; explicitFileType = wrapper.cfbundle; includeInIndex = 0; path = ParstagramTests.xctest; sourceTree = BUILT_PRODUCTS_DIR; };
		04DB448F26B75EE600963C1A /* ParstagramTests.swift */ = {isa = PBXFileReference; lastKnownFileType = sourcecode.swift; path = ParstagramTests.swift; sourceTree = "<group>"; };
		04DB449126B75EE600963C1A /* Info.plist */ = {isa = PBXFileReference; lastKnownFileType = text.plist.xml; path = Info.plist; sourceTree = "<group>"; };
		04DB449626B75EE600963C1A /* ParstagramUITests.xctest */ = {isa = PBXFileReference; explicitFileType = wrapper.cfbundle; includeInIndex = 0; path = ParstagramUITests.xctest; sourceTree = BUILT_PRODUCTS_DIR; };
		04DB449A26B75EE600963C1A /* ParstagramUITests.swift */ = {isa = PBXFileReference; lastKnownFileType = sourcecode.swift; path = ParstagramUITests.swift; sourceTree = "<group>"; };
		04DB449C26B75EE600963C1A /* Info.plist */ = {isa = PBXFileReference; lastKnownFileType = text.plist.xml; path = Info.plist; sourceTree = "<group>"; };
		19E5F481E2065F239D2AA076 /* Pods_Parstagram_ParstagramUITests.framework */ = {isa = PBXFileReference; explicitFileType = wrapper.framework; includeInIndex = 0; path = Pods_Parstagram_ParstagramUITests.framework; sourceTree = BUILT_PRODUCTS_DIR; };
		4C96C7E23B367698C35129FF /* Pods_ParstagramTests.framework */ = {isa = PBXFileReference; explicitFileType = wrapper.framework; includeInIndex = 0; path = Pods_ParstagramTests.framework; sourceTree = BUILT_PRODUCTS_DIR; };
		57B1905CE4F153476B1F91FD /* Pods-ParstagramTests.release.xcconfig */ = {isa = PBXFileReference; includeInIndex = 1; lastKnownFileType = text.xcconfig; name = "Pods-ParstagramTests.release.xcconfig"; path = "Target Support Files/Pods-ParstagramTests/Pods-ParstagramTests.release.xcconfig"; sourceTree = "<group>"; };
		5CC7741A23DB1820AA373EBE /* Pods-Parstagram.debug.xcconfig */ = {isa = PBXFileReference; includeInIndex = 1; lastKnownFileType = text.xcconfig; name = "Pods-Parstagram.debug.xcconfig"; path = "Target Support Files/Pods-Parstagram/Pods-Parstagram.debug.xcconfig"; sourceTree = "<group>"; };
		7E61B80F38AD958F5A270872 /* Pods-Parstagram.release.xcconfig */ = {isa = PBXFileReference; includeInIndex = 1; lastKnownFileType = text.xcconfig; name = "Pods-Parstagram.release.xcconfig"; path = "Target Support Files/Pods-Parstagram/Pods-Parstagram.release.xcconfig"; sourceTree = "<group>"; };
		883F74F1C869A1F99AAF8DCA /* Pods-ParstagramTests.debug.xcconfig */ = {isa = PBXFileReference; includeInIndex = 1; lastKnownFileType = text.xcconfig; name = "Pods-ParstagramTests.debug.xcconfig"; path = "Target Support Files/Pods-ParstagramTests/Pods-ParstagramTests.debug.xcconfig"; sourceTree = "<group>"; };
		88A0DD81F3C1EC8D9EC863DF /* Pods_Parstagram.framework */ = {isa = PBXFileReference; explicitFileType = wrapper.framework; includeInIndex = 0; path = Pods_Parstagram.framework; sourceTree = BUILT_PRODUCTS_DIR; };
		90EA28E4C636D36B5B4973EC /* Pods-Parstagram-ParstagramUITests.debug.xcconfig */ = {isa = PBXFileReference; includeInIndex = 1; lastKnownFileType = text.xcconfig; name = "Pods-Parstagram-ParstagramUITests.debug.xcconfig"; path = "Target Support Files/Pods-Parstagram-ParstagramUITests/Pods-Parstagram-ParstagramUITests.debug.xcconfig"; sourceTree = "<group>"; };
		E8B87E36F45080157F855C51 /* Pods-Parstagram-ParstagramUITests.release.xcconfig */ = {isa = PBXFileReference; includeInIndex = 1; lastKnownFileType = text.xcconfig; name = "Pods-Parstagram-ParstagramUITests.release.xcconfig"; path = "Target Support Files/Pods-Parstagram-ParstagramUITests/Pods-Parstagram-ParstagramUITests.release.xcconfig"; sourceTree = "<group>"; };
/* End PBXFileReference section */

/* Begin PBXFrameworksBuildPhase section */
		04DB447226B75EE200963C1A /* Frameworks */ = {
			isa = PBXFrameworksBuildPhase;
			buildActionMask = 2147483647;
			files = (
				62E3540EE684F0027612AD7C /* Pods_Parstagram.framework in Frameworks */,
			);
			runOnlyForDeploymentPostprocessing = 0;
		};
		04DB448826B75EE600963C1A /* Frameworks */ = {
			isa = PBXFrameworksBuildPhase;
			buildActionMask = 2147483647;
			files = (
				AF347BB4B6E094E52EC5D7A9 /* Pods_ParstagramTests.framework in Frameworks */,
			);
			runOnlyForDeploymentPostprocessing = 0;
		};
		04DB449326B75EE600963C1A /* Frameworks */ = {
			isa = PBXFrameworksBuildPhase;
			buildActionMask = 2147483647;
			files = (
				409CFCB29B71F72804F2204D /* Pods_Parstagram_ParstagramUITests.framework in Frameworks */,
			);
			runOnlyForDeploymentPostprocessing = 0;
		};
/* End PBXFrameworksBuildPhase section */

/* Begin PBXGroup section */
		04DB446C26B75EE200963C1A = {
			isa = PBXGroup;
			children = (
				04DB447726B75EE200963C1A /* Parstagram */,
				04DB448E26B75EE600963C1A /* ParstagramTests */,
				04DB449926B75EE600963C1A /* ParstagramUITests */,
				04DB447626B75EE200963C1A /* Products */,
				48556C3B1CB29D56C0913094 /* Pods */,
				5E85239907D0FB365A15FD2B /* Frameworks */,
			);
			sourceTree = "<group>";
		};
		04DB447626B75EE200963C1A /* Products */ = {
			isa = PBXGroup;
			children = (
				04DB447526B75EE200963C1A /* Parstagram.app */,
				04DB448B26B75EE600963C1A /* ParstagramTests.xctest */,
				04DB449626B75EE600963C1A /* ParstagramUITests.xctest */,
			);
			name = Products;
			sourceTree = "<group>";
		};
		04DB447726B75EE200963C1A /* Parstagram */ = {
			isa = PBXGroup;
			children = (
				04DB447826B75EE200963C1A /* AppDelegate.swift */,
				04DB447A26B75EE200963C1A /* SceneDelegate.swift */,
				04DB447E26B75EE200963C1A /* Main.storyboard */,
				04DB448126B75EE600963C1A /* Assets.xcassets */,
				04DB448326B75EE600963C1A /* LaunchScreen.storyboard */,
				04DB448626B75EE600963C1A /* Info.plist */,
				04945B3A26B763510060745D /* LoginViewController.swift */,
				04945B3F26B763640060745D /* FeedViewController.swift */,
				04945B4426B76ACF0060745D /* CameraViewController.swift */,
				04500DFF26B822AD008090F3 /* PostCell.swift */,
				0494508A26CDD1E8009ACBE5 /* commentCell.swift */,
			);
			path = Parstagram;
			sourceTree = "<group>";
		};
		04DB448E26B75EE600963C1A /* ParstagramTests */ = {
			isa = PBXGroup;
			children = (
				04DB448F26B75EE600963C1A /* ParstagramTests.swift */,
				04DB449126B75EE600963C1A /* Info.plist */,
			);
			path = ParstagramTests;
			sourceTree = "<group>";
		};
		04DB449926B75EE600963C1A /* ParstagramUITests */ = {
			isa = PBXGroup;
			children = (
				04DB449A26B75EE600963C1A /* ParstagramUITests.swift */,
				04DB449C26B75EE600963C1A /* Info.plist */,
			);
			path = ParstagramUITests;
			sourceTree = "<group>";
		};
		48556C3B1CB29D56C0913094 /* Pods */ = {
			isa = PBXGroup;
			children = (
				5CC7741A23DB1820AA373EBE /* Pods-Parstagram.debug.xcconfig */,
				7E61B80F38AD958F5A270872 /* Pods-Parstagram.release.xcconfig */,
				90EA28E4C636D36B5B4973EC /* Pods-Parstagram-ParstagramUITests.debug.xcconfig */,
				E8B87E36F45080157F855C51 /* Pods-Parstagram-ParstagramUITests.release.xcconfig */,
				883F74F1C869A1F99AAF8DCA /* Pods-ParstagramTests.debug.xcconfig */,
				57B1905CE4F153476B1F91FD /* Pods-ParstagramTests.release.xcconfig */,
			);
			path = Pods;
			sourceTree = "<group>";
		};
		5E85239907D0FB365A15FD2B /* Frameworks */ = {
			isa = PBXGroup;
			children = (
				88A0DD81F3C1EC8D9EC863DF /* Pods_Parstagram.framework */,
				19E5F481E2065F239D2AA076 /* Pods_Parstagram_ParstagramUITests.framework */,
				4C96C7E23B367698C35129FF /* Pods_ParstagramTests.framework */,
			);
			name = Frameworks;
			sourceTree = "<group>";
		};
/* End PBXGroup section */

/* Begin PBXNativeTarget section */
		04DB447426B75EE200963C1A /* Parstagram */ = {
			isa = PBXNativeTarget;
			buildConfigurationList = 04DB449F26B75EE600963C1A /* Build configuration list for PBXNativeTarget "Parstagram" */;
			buildPhases = (
				151652D2C751700AAD10A9BD /* [CP] Check Pods Manifest.lock */,
				04DB447126B75EE200963C1A /* Sources */,
				04DB447226B75EE200963C1A /* Frameworks */,
				04DB447326B75EE200963C1A /* Resources */,
				4BEB11A7F27B1C365BBA5717 /* [CP] Embed Pods Frameworks */,
			);
			buildRules = (
			);
			dependencies = (
			);
			name = Parstagram;
			productName = Parstagram;
			productReference = 04DB447526B75EE200963C1A /* Parstagram.app */;
			productType = "com.apple.product-type.application";
		};
		04DB448A26B75EE600963C1A /* ParstagramTests */ = {
			isa = PBXNativeTarget;
			buildConfigurationList = 04DB44A226B75EE600963C1A /* Build configuration list for PBXNativeTarget "ParstagramTests" */;
			buildPhases = (
				6AC37A8C30D7CDDA3BE168F5 /* [CP] Check Pods Manifest.lock */,
				04DB448726B75EE600963C1A /* Sources */,
				04DB448826B75EE600963C1A /* Frameworks */,
				04DB448926B75EE600963C1A /* Resources */,
			);
			buildRules = (
			);
			dependencies = (
				04DB448D26B75EE600963C1A /* PBXTargetDependency */,
			);
			name = ParstagramTests;
			productName = ParstagramTests;
			productReference = 04DB448B26B75EE600963C1A /* ParstagramTests.xctest */;
			productType = "com.apple.product-type.bundle.unit-test";
		};
		04DB449526B75EE600963C1A /* ParstagramUITests */ = {
			isa = PBXNativeTarget;
			buildConfigurationList = 04DB44A526B75EE600963C1A /* Build configuration list for PBXNativeTarget "ParstagramUITests" */;
			buildPhases = (
				42E7F44C6F7460828EAE9281 /* [CP] Check Pods Manifest.lock */,
				04DB449226B75EE600963C1A /* Sources */,
				04DB449326B75EE600963C1A /* Frameworks */,
				04DB449426B75EE600963C1A /* Resources */,
				5E407AACFC8903B1D66ADFFE /* [CP] Embed Pods Frameworks */,
			);
			buildRules = (
			);
			dependencies = (
				04DB449826B75EE600963C1A /* PBXTargetDependency */,
			);
			name = ParstagramUITests;
			productName = ParstagramUITests;
			productReference = 04DB449626B75EE600963C1A /* ParstagramUITests.xctest */;
			productType = "com.apple.product-type.bundle.ui-testing";
		};
/* End PBXNativeTarget section */

/* Begin PBXProject section */
		04DB446D26B75EE200963C1A /* Project object */ = {
			isa = PBXProject;
			attributes = {
				LastSwiftUpdateCheck = 1220;
				LastUpgradeCheck = 1220;
				TargetAttributes = {
					04DB447426B75EE200963C1A = {
						CreatedOnToolsVersion = 12.2;
					};
					04DB448A26B75EE600963C1A = {
						CreatedOnToolsVersion = 12.2;
						TestTargetID = 04DB447426B75EE200963C1A;
					};
					04DB449526B75EE600963C1A = {
						CreatedOnToolsVersion = 12.2;
						TestTargetID = 04DB447426B75EE200963C1A;
					};
				};
			};
			buildConfigurationList = 04DB447026B75EE200963C1A /* Build configuration list for PBXProject "Parstagram" */;
			compatibilityVersion = "Xcode 9.3";
			developmentRegion = en;
			hasScannedForEncodings = 0;
			knownRegions = (
				en,
				Base,
			);
			mainGroup = 04DB446C26B75EE200963C1A;
			productRefGroup = 04DB447626B75EE200963C1A /* Products */;
			projectDirPath = "";
			projectRoot = "";
			targets = (
				04DB447426B75EE200963C1A /* Parstagram */,
				04DB448A26B75EE600963C1A /* ParstagramTests */,
				04DB449526B75EE600963C1A /* ParstagramUITests */,
			);
		};
/* End PBXProject section */

/* Begin PBXResourcesBuildPhase section */
		04DB447326B75EE200963C1A /* Resources */ = {
			isa = PBXResourcesBuildPhase;
			buildActionMask = 2147483647;
			files = (
				04DB448526B75EE600963C1A /* LaunchScreen.storyboard in Resources */,
				04DB448226B75EE600963C1A /* Assets.xcassets in Resources */,
				04DB448026B75EE200963C1A /* Main.storyboard in Resources */,
			);
			runOnlyForDeploymentPostprocessing = 0;
		};
		04DB448926B75EE600963C1A /* Resources */ = {
			isa = PBXResourcesBuildPhase;
			buildActionMask = 2147483647;
			files = (
			);
			runOnlyForDeploymentPostprocessing = 0;
		};
		04DB449426B75EE600963C1A /* Resources */ = {
			isa = PBXResourcesBuildPhase;
			buildActionMask = 2147483647;
			files = (
			);
			runOnlyForDeploymentPostprocessing = 0;
		};
/* End PBXResourcesBuildPhase section */

/* Begin PBXShellScriptBuildPhase section */
		151652D2C751700AAD10A9BD /* [CP] Check Pods Manifest.lock */ = {
			isa = PBXShellScriptBuildPhase;
			buildActionMask = 2147483647;
			files = (
			);
			inputFileListPaths = (
			);
			inputPaths = (
				"${PODS_PODFILE_DIR_PATH}/Podfile.lock",
				"${PODS_ROOT}/Manifest.lock",
			);
			name = "[CP] Check Pods Manifest.lock";
			outputFileListPaths = (
			);
			outputPaths = (
				"$(DERIVED_FILE_DIR)/Pods-Parstagram-checkManifestLockResult.txt",
			);
			runOnlyForDeploymentPostprocessing = 0;
			shellPath = /bin/sh;
			shellScript = "diff \"${PODS_PODFILE_DIR_PATH}/Podfile.lock\" \"${PODS_ROOT}/Manifest.lock\" > /dev/null\nif [ $? != 0 ] ; then\n    # print error to STDERR\n    echo \"error: The sandbox is not in sync with the Podfile.lock. Run 'pod install' or update your CocoaPods installation.\" >&2\n    exit 1\nfi\n# This output is used by Xcode 'outputs' to avoid re-running this script phase.\necho \"SUCCESS\" > \"${SCRIPT_OUTPUT_FILE_0}\"\n";
			showEnvVarsInLog = 0;
		};
		42E7F44C6F7460828EAE9281 /* [CP] Check Pods Manifest.lock */ = {
			isa = PBXShellScriptBuildPhase;
			buildActionMask = 2147483647;
			files = (
			);
			inputFileListPaths = (
			);
			inputPaths = (
				"${PODS_PODFILE_DIR_PATH}/Podfile.lock",
				"${PODS_ROOT}/Manifest.lock",
			);
			name = "[CP] Check Pods Manifest.lock";
			outputFileListPaths = (
			);
			outputPaths = (
				"$(DERIVED_FILE_DIR)/Pods-Parstagram-ParstagramUITests-checkManifestLockResult.txt",
			);
			runOnlyForDeploymentPostprocessing = 0;
			shellPath = /bin/sh;
			shellScript = "diff \"${PODS_PODFILE_DIR_PATH}/Podfile.lock\" \"${PODS_ROOT}/Manifest.lock\" > /dev/null\nif [ $? != 0 ] ; then\n    # print error to STDERR\n    echo \"error: The sandbox is not in sync with the Podfile.lock. Run 'pod install' or update your CocoaPods installation.\" >&2\n    exit 1\nfi\n# This output is used by Xcode 'outputs' to avoid re-running this script phase.\necho \"SUCCESS\" > \"${SCRIPT_OUTPUT_FILE_0}\"\n";
			showEnvVarsInLog = 0;
		};
		4BEB11A7F27B1C365BBA5717 /* [CP] Embed Pods Frameworks */ = {
			isa = PBXShellScriptBuildPhase;
			buildActionMask = 2147483647;
			files = (
			);
			inputFileListPaths = (
				"${PODS_ROOT}/Target Support Files/Pods-Parstagram/Pods-Parstagram-frameworks-${CONFIGURATION}-input-files.xcfilelist",
			);
			name = "[CP] Embed Pods Frameworks";
			outputFileListPaths = (
				"${PODS_ROOT}/Target Support Files/Pods-Parstagram/Pods-Parstagram-frameworks-${CONFIGURATION}-output-files.xcfilelist",
			);
			runOnlyForDeploymentPostprocessing = 0;
			shellPath = /bin/sh;
			shellScript = "\"${PODS_ROOT}/Target Support Files/Pods-Parstagram/Pods-Parstagram-frameworks.sh\"\n";
			showEnvVarsInLog = 0;
		};
		5E407AACFC8903B1D66ADFFE /* [CP] Embed Pods Frameworks */ = {
			isa = PBXShellScriptBuildPhase;
			buildActionMask = 2147483647;
			files = (
			);
			inputFileListPaths = (
				"${PODS_ROOT}/Target Support Files/Pods-Parstagram-ParstagramUITests/Pods-Parstagram-ParstagramUITests-frameworks-${CONFIGURATION}-input-files.xcfilelist",
			);
			name = "[CP] Embed Pods Frameworks";
			outputFileListPaths = (
				"${PODS_ROOT}/Target Support Files/Pods-Parstagram-ParstagramUITests/Pods-Parstagram-ParstagramUITests-frameworks-${CONFIGURATION}-output-files.xcfilelist",
			);
			runOnlyForDeploymentPostprocessing = 0;
			shellPath = /bin/sh;
			shellScript = "\"${PODS_ROOT}/Target Support Files/Pods-Parstagram-ParstagramUITests/Pods-Parstagram-ParstagramUITests-frameworks.sh\"\n";
			showEnvVarsInLog = 0;
		};
		6AC37A8C30D7CDDA3BE168F5 /* [CP] Check Pods Manifest.lock */ = {
			isa = PBXShellScriptBuildPhase;
			buildActionMask = 2147483647;
			files = (
			);
			inputFileListPaths = (
			);
			inputPaths = (
				"${PODS_PODFILE_DIR_PATH}/Podfile.lock",
				"${PODS_ROOT}/Manifest.lock",
			);
			name = "[CP] Check Pods Manifest.lock";
			outputFileListPaths = (
			);
			outputPaths = (
				"$(DERIVED_FILE_DIR)/Pods-ParstagramTests-checkManifestLockResult.txt",
			);
			runOnlyForDeploymentPostprocessing = 0;
			shellPath = /bin/sh;
			shellScript = "diff \"${PODS_PODFILE_DIR_PATH}/Podfile.lock\" \"${PODS_ROOT}/Manifest.lock\" > /dev/null\nif [ $? != 0 ] ; then\n    # print error to STDERR\n    echo \"error: The sandbox is not in sync with the Podfile.lock. Run 'pod install' or update your CocoaPods installation.\" >&2\n    exit 1\nfi\n# This output is used by Xcode 'outputs' to avoid re-running this script phase.\necho \"SUCCESS\" > \"${SCRIPT_OUTPUT_FILE_0}\"\n";
			showEnvVarsInLog = 0;
		};
/* End PBXShellScriptBuildPhase section */

/* Begin PBXSourcesBuildPhase section */
		04DB447126B75EE200963C1A /* Sources */ = {
			isa = PBXSourcesBuildPhase;
			buildActionMask = 2147483647;
			files = (
				04945B3B26B763510060745D /* LoginViewController.swift in Sources */,
				0494508B26CDD1E8009ACBE5 /* commentCell.swift in Sources */,
				04945B4526B76ACF0060745D /* CameraViewController.swift in Sources */,
				04DB447926B75EE200963C1A /* AppDelegate.swift in Sources */,
				04945B4026B763640060745D /* FeedViewController.swift in Sources */,
				04DB447B26B75EE200963C1A /* SceneDelegate.swift in Sources */,
				04500E0026B822AD008090F3 /* PostCell.swift in Sources */,
			);
			runOnlyForDeploymentPostprocessing = 0;
		};
		04DB448726B75EE600963C1A /* Sources */ = {
			isa = PBXSourcesBuildPhase;
			buildActionMask = 2147483647;
			files = (
				04DB449026B75EE600963C1A /* ParstagramTests.swift in Sources */,
			);
			runOnlyForDeploymentPostprocessing = 0;
		};
		04DB449226B75EE600963C1A /* Sources */ = {
			isa = PBXSourcesBuildPhase;
			buildActionMask = 2147483647;
			files = (
				04DB449B26B75EE600963C1A /* ParstagramUITests.swift in Sources */,
			);
			runOnlyForDeploymentPostprocessing = 0;
		};
/* End PBXSourcesBuildPhase section */

/* Begin PBXTargetDependency section */
		04DB448D26B75EE600963C1A /* PBXTargetDependency */ = {
			isa = PBXTargetDependency;
			target = 04DB447426B75EE200963C1A /* Parstagram */;
			targetProxy = 04DB448C26B75EE600963C1A /* PBXContainerItemProxy */;
		};
		04DB449826B75EE600963C1A /* PBXTargetDependency */ = {
			isa = PBXTargetDependency;
			target = 04DB447426B75EE200963C1A /* Parstagram */;
			targetProxy = 04DB449726B75EE600963C1A /* PBXContainerItemProxy */;
		};
/* End PBXTargetDependency section */

/* Begin PBXVariantGroup section */
		04DB447E26B75EE200963C1A /* Main.storyboard */ = {
			isa = PBXVariantGroup;
			children = (
				04DB447F26B75EE200963C1A /* Base */,
			);
			name = Main.storyboard;
			sourceTree = "<group>";
		};
		04DB448326B75EE600963C1A /* LaunchScreen.storyboard */ = {
			isa = PBXVariantGroup;
			children = (
				04DB448426B75EE600963C1A /* Base */,
			);
			name = LaunchScreen.storyboard;
			sourceTree = "<group>";
		};
/* End PBXVariantGroup section */

/* Begin XCBuildConfiguration section */
		04DB449D26B75EE600963C1A /* Debug */ = {
			isa = XCBuildConfiguration;
			buildSettings = {
				ALWAYS_SEARCH_USER_PATHS = NO;
				CLANG_ANALYZER_NONNULL = YES;
				CLANG_ANALYZER_NUMBER_OBJECT_CONVERSION = YES_AGGRESSIVE;
				CLANG_CXX_LANGUAGE_STANDARD = "gnu++14";
				CLANG_CXX_LIBRARY = "libc++";
				CLANG_ENABLE_MODULES = YES;
				CLANG_ENABLE_OBJC_ARC = YES;
				CLANG_ENABLE_OBJC_WEAK = YES;
				CLANG_WARN_BLOCK_CAPTURE_AUTORELEASING = YES;
				CLANG_WARN_BOOL_CONVERSION = YES;
				CLANG_WARN_COMMA = YES;
				CLANG_WARN_CONSTANT_CONVERSION = YES;
				CLANG_WARN_DEPRECATED_OBJC_IMPLEMENTATIONS = YES;
				CLANG_WARN_DIRECT_OBJC_ISA_USAGE = YES_ERROR;
				CLANG_WARN_DOCUMENTATION_COMMENTS = YES;
				CLANG_WARN_EMPTY_BODY = YES;
				CLANG_WARN_ENUM_CONVERSION = YES;
				CLANG_WARN_INFINITE_RECURSION = YES;
				CLANG_WARN_INT_CONVERSION = YES;
				CLANG_WARN_NON_LITERAL_NULL_CONVERSION = YES;
				CLANG_WARN_OBJC_IMPLICIT_RETAIN_SELF = YES;
				CLANG_WARN_OBJC_LITERAL_CONVERSION = YES;
				CLANG_WARN_OBJC_ROOT_CLASS = YES_ERROR;
				CLANG_WARN_QUOTED_INCLUDE_IN_FRAMEWORK_HEADER = YES;
				CLANG_WARN_RANGE_LOOP_ANALYSIS = YES;
				CLANG_WARN_STRICT_PROTOTYPES = YES;
				CLANG_WARN_SUSPICIOUS_MOVE = YES;
				CLANG_WARN_UNGUARDED_AVAILABILITY = YES_AGGRESSIVE;
				CLANG_WARN_UNREACHABLE_CODE = YES;
				CLANG_WARN__DUPLICATE_METHOD_MATCH = YES;
				COPY_PHASE_STRIP = NO;
				DEBUG_INFORMATION_FORMAT = dwarf;
				ENABLE_STRICT_OBJC_MSGSEND = YES;
				ENABLE_TESTABILITY = YES;
				GCC_C_LANGUAGE_STANDARD = gnu11;
				GCC_DYNAMIC_NO_PIC = NO;
				GCC_NO_COMMON_BLOCKS = YES;
				GCC_OPTIMIZATION_LEVEL = 0;
				GCC_PREPROCESSOR_DEFINITIONS = (
					"DEBUG=1",
					"$(inherited)",
				);
				GCC_WARN_64_TO_32_BIT_CONVERSION = YES;
				GCC_WARN_ABOUT_RETURN_TYPE = YES_ERROR;
				GCC_WARN_UNDECLARED_SELECTOR = YES;
				GCC_WARN_UNINITIALIZED_AUTOS = YES_AGGRESSIVE;
				GCC_WARN_UNUSED_FUNCTION = YES;
				GCC_WARN_UNUSED_VARIABLE = YES;
				IPHONEOS_DEPLOYMENT_TARGET = 14.2;
				MTL_ENABLE_DEBUG_INFO = INCLUDE_SOURCE;
				MTL_FAST_MATH = YES;
				ONLY_ACTIVE_ARCH = YES;
				SDKROOT = iphoneos;
				SWIFT_ACTIVE_COMPILATION_CONDITIONS = DEBUG;
				SWIFT_OPTIMIZATION_LEVEL = "-Onone";
			};
			name = Debug;
		};
		04DB449E26B75EE600963C1A /* Release */ = {
			isa = XCBuildConfiguration;
			buildSettings = {
				ALWAYS_SEARCH_USER_PATHS = NO;
				CLANG_ANALYZER_NONNULL = YES;
				CLANG_ANALYZER_NUMBER_OBJECT_CONVERSION = YES_AGGRESSIVE;
				CLANG_CXX_LANGUAGE_STANDARD = "gnu++14";
				CLANG_CXX_LIBRARY = "libc++";
				CLANG_ENABLE_MODULES = YES;
				CLANG_ENABLE_OBJC_ARC = YES;
				CLANG_ENABLE_OBJC_WEAK = YES;
				CLANG_WARN_BLOCK_CAPTURE_AUTORELEASING = YES;
				CLANG_WARN_BOOL_CONVERSION = YES;
				CLANG_WARN_COMMA = YES;
				CLANG_WARN_CONSTANT_CONVERSION = YES;
				CLANG_WARN_DEPRECATED_OBJC_IMPLEMENTATIONS = YES;
				CLANG_WARN_DIRECT_OBJC_ISA_USAGE = YES_ERROR;
				CLANG_WARN_DOCUMENTATION_COMMENTS = YES;
				CLANG_WARN_EMPTY_BODY = YES;
				CLANG_WARN_ENUM_CONVERSION = YES;
				CLANG_WARN_INFINITE_RECURSION = YES;
				CLANG_WARN_INT_CONVERSION = YES;
				CLANG_WARN_NON_LITERAL_NULL_CONVERSION = YES;
				CLANG_WARN_OBJC_IMPLICIT_RETAIN_SELF = YES;
				CLANG_WARN_OBJC_LITERAL_CONVERSION = YES;
				CLANG_WARN_OBJC_ROOT_CLASS = YES_ERROR;
				CLANG_WARN_QUOTED_INCLUDE_IN_FRAMEWORK_HEADER = YES;
				CLANG_WARN_RANGE_LOOP_ANALYSIS = YES;
				CLANG_WARN_STRICT_PROTOTYPES = YES;
				CLANG_WARN_SUSPICIOUS_MOVE = YES;
				CLANG_WARN_UNGUARDED_AVAILABILITY = YES_AGGRESSIVE;
				CLANG_WARN_UNREACHABLE_CODE = YES;
				CLANG_WARN__DUPLICATE_METHOD_MATCH = YES;
				COPY_PHASE_STRIP = NO;
				DEBUG_INFORMATION_FORMAT = "dwarf-with-dsym";
				ENABLE_NS_ASSERTIONS = NO;
				ENABLE_STRICT_OBJC_MSGSEND = YES;
				GCC_C_LANGUAGE_STANDARD = gnu11;
				GCC_NO_COMMON_BLOCKS = YES;
				GCC_WARN_64_TO_32_BIT_CONVERSION = YES;
				GCC_WARN_ABOUT_RETURN_TYPE = YES_ERROR;
				GCC_WARN_UNDECLARED_SELECTOR = YES;
				GCC_WARN_UNINITIALIZED_AUTOS = YES_AGGRESSIVE;
				GCC_WARN_UNUSED_FUNCTION = YES;
				GCC_WARN_UNUSED_VARIABLE = YES;
				IPHONEOS_DEPLOYMENT_TARGET = 14.2;
				MTL_ENABLE_DEBUG_INFO = NO;
				MTL_FAST_MATH = YES;
				SDKROOT = iphoneos;
				SWIFT_COMPILATION_MODE = wholemodule;
				SWIFT_OPTIMIZATION_LEVEL = "-O";
				VALIDATE_PRODUCT = YES;
			};
			name = Release;
		};
		04DB44A026B75EE600963C1A /* Debug */ = {
			isa = XCBuildConfiguration;
			baseConfigurationReference = 5CC7741A23DB1820AA373EBE /* Pods-Parstagram.debug.xcconfig */;
			buildSettings = {
				ASSETCATALOG_COMPILER_APPICON_NAME = AppIcon;
				ASSETCATALOG_COMPILER_GLOBAL_ACCENT_COLOR_NAME = AccentColor;
				CODE_SIGN_STYLE = Automatic;
				DEVELOPMENT_TEAM = 475B5HHBGZ;
				INFOPLIST_FILE = Parstagram/Info.plist;
				LD_RUNPATH_SEARCH_PATHS = (
					"$(inherited)",
					"@executable_path/Frameworks",
				);
				PRODUCT_BUNDLE_IDENTIFIER = codepath.Parstagram;
				PRODUCT_NAME = "$(TARGET_NAME)";
				SWIFT_VERSION = 5.0;
				TARGETED_DEVICE_FAMILY = "1,2";
			};
			name = Debug;
		};
		04DB44A126B75EE600963C1A /* Release */ = {
			isa = XCBuildConfiguration;
			baseConfigurationReference = 7E61B80F38AD958F5A270872 /* Pods-Parstagram.release.xcconfig */;
			buildSettings = {
				ASSETCATALOG_COMPILER_APPICON_NAME = AppIcon;
				ASSETCATALOG_COMPILER_GLOBAL_ACCENT_COLOR_NAME = AccentColor;
				CODE_SIGN_STYLE = Automatic;
				DEVELOPMENT_TEAM = 475B5HHBGZ;
				INFOPLIST_FILE = Parstagram/Info.plist;
				LD_RUNPATH_SEARCH_PATHS = (
					"$(inherited)",
					"@executable_path/Frameworks",
				);
				PRODUCT_BUNDLE_IDENTIFIER = codepath.Parstagram;
				PRODUCT_NAME = "$(TARGET_NAME)";
				SWIFT_VERSION = 5.0;
				TARGETED_DEVICE_FAMILY = "1,2";
			};
			name = Release;
		};
		04DB44A326B75EE600963C1A /* Debug */ = {
			isa = XCBuildConfiguration;
			baseConfigurationReference = 883F74F1C869A1F99AAF8DCA /* Pods-ParstagramTests.debug.xcconfig */;
			buildSettings = {
				ALWAYS_EMBED_SWIFT_STANDARD_LIBRARIES = YES;
				BUNDLE_LOADER = "$(TEST_HOST)";
				CODE_SIGN_STYLE = Automatic;
				DEVELOPMENT_TEAM = 475B5HHBGZ;
				INFOPLIST_FILE = ParstagramTests/Info.plist;
				IPHONEOS_DEPLOYMENT_TARGET = 14.2;
				LD_RUNPATH_SEARCH_PATHS = (
					"$(inherited)",
					"@executable_path/Frameworks",
					"@loader_path/Frameworks",
				);
				PRODUCT_BUNDLE_IDENTIFIER = codepath.ParstagramTests;
				PRODUCT_NAME = "$(TARGET_NAME)";
				SWIFT_VERSION = 5.0;
				TARGETED_DEVICE_FAMILY = "1,2";
				TEST_HOST = "$(BUILT_PRODUCTS_DIR)/Parstagram.app/Parstagram";
			};
			name = Debug;
		};
		04DB44A426B75EE600963C1A /* Release */ = {
			isa = XCBuildConfiguration;
			baseConfigurationReference = 57B1905CE4F153476B1F91FD /* Pods-ParstagramTests.release.xcconfig */;
			buildSettings = {
				ALWAYS_EMBED_SWIFT_STANDARD_LIBRARIES = YES;
				BUNDLE_LOADER = "$(TEST_HOST)";
				CODE_SIGN_STYLE = Automatic;
				DEVELOPMENT_TEAM = 475B5HHBGZ;
				INFOPLIST_FILE = ParstagramTests/Info.plist;
				IPHONEOS_DEPLOYMENT_TARGET = 14.2;
				LD_RUNPATH_SEARCH_PATHS = (
					"$(inherited)",
					"@executable_path/Frameworks",
					"@loader_path/Frameworks",
				);
				PRODUCT_BUNDLE_IDENTIFIER = codepath.ParstagramTests;
				PRODUCT_NAME = "$(TARGET_NAME)";
				SWIFT_VERSION = 5.0;
				TARGETED_DEVICE_FAMILY = "1,2";
				TEST_HOST = "$(BUILT_PRODUCTS_DIR)/Parstagram.app/Parstagram";
			};
			name = Release;
		};
		04DB44A626B75EE600963C1A /* Debug */ = {
			isa = XCBuildConfiguration;
			baseConfigurationReference = 90EA28E4C636D36B5B4973EC /* Pods-Parstagram-ParstagramUITests.debug.xcconfig */;
			buildSettings = {
				ALWAYS_EMBED_SWIFT_STANDARD_LIBRARIES = YES;
				CODE_SIGN_STYLE = Automatic;
				DEVELOPMENT_TEAM = 475B5HHBGZ;
				INFOPLIST_FILE = ParstagramUITests/Info.plist;
				LD_RUNPATH_SEARCH_PATHS = (
					"$(inherited)",
					"@executable_path/Frameworks",
					"@loader_path/Frameworks",
				);
				PRODUCT_BUNDLE_IDENTIFIER = codepath.ParstagramUITests;
				PRODUCT_NAME = "$(TARGET_NAME)";
				SWIFT_VERSION = 5.0;
				TARGETED_DEVICE_FAMILY = "1,2";
				TEST_TARGET_NAME = Parstagram;
			};
			name = Debug;
		};
		04DB44A726B75EE600963C1A /* Release */ = {
			isa = XCBuildConfiguration;
			baseConfigurationReference = E8B87E36F45080157F855C51 /* Pods-Parstagram-ParstagramUITests.release.xcconfig */;
			buildSettings = {
				ALWAYS_EMBED_SWIFT_STANDARD_LIBRARIES = YES;
				CODE_SIGN_STYLE = Automatic;
				DEVELOPMENT_TEAM = 475B5HHBGZ;
				INFOPLIST_FILE = ParstagramUITests/Info.plist;
				LD_RUNPATH_SEARCH_PATHS = (
					"$(inherited)",
					"@executable_path/Frameworks",
					"@loader_path/Frameworks",
				);
				PRODUCT_BUNDLE_IDENTIFIER = codepath.ParstagramUITests;
				PRODUCT_NAME = "$(TARGET_NAME)";
				SWIFT_VERSION = 5.0;
				TARGETED_DEVICE_FAMILY = "1,2";
				TEST_TARGET_NAME = Parstagram;
			};
			name = Release;
		};
/* End XCBuildConfiguration section */

/* Begin XCConfigurationList section */
		04DB447026B75EE200963C1A /* Build configuration list for PBXProject "Parstagram" */ = {
			isa = XCConfigurationList;
			buildConfigurations = (
				04DB449D26B75EE600963C1A /* Debug */,
				04DB449E26B75EE600963C1A /* Release */,
			);
			defaultConfigurationIsVisible = 0;
			defaultConfigurationName = Release;
		};
		04DB449F26B75EE600963C1A /* Build configuration list for PBXNativeTarget "Parstagram" */ = {
			isa = XCConfigurationList;
			buildConfigurations = (
				04DB44A026B75EE600963C1A /* Debug */,
				04DB44A126B75EE600963C1A /* Release */,
			);
			defaultConfigurationIsVisible = 0;
			defaultConfigurationName = Release;
		};
		04DB44A226B75EE600963C1A /* Build configuration list for PBXNativeTarget "ParstagramTests" */ = {
			isa = XCConfigurationList;
			buildConfigurations = (
				04DB44A326B75EE600963C1A /* Debug */,
				04DB44A426B75EE600963C1A /* Release */,
			);
			defaultConfigurationIsVisible = 0;
			defaultConfigurationName = Release;
		};
		04DB44A526B75EE600963C1A /* Build configuration list for PBXNativeTarget "ParstagramUITests" */ = {
			isa = XCConfigurationList;
			buildConfigurations = (
				04DB44A626B75EE600963C1A /* Debug */,
				04DB44A726B75EE600963C1A /* Release */,
			);
			defaultConfigurationIsVisible = 0;
			defaultConfigurationName = Release;
		};
/* End XCConfigurationList section */
	};
	rootObject = 04DB446D26B75EE200963C1A /* Project object */;
}
